lockfile_version: '1'
generated_at: '2026-05-21T12:14:14.278832+00:00'
apm_version: 0.14.0
dependencies:
- repo_url: y-miyazaki/config
  host: github.com
  resolved_commit: 88735dfc1dfc25103452611b7de7a1bed8a5cae1
  resolved_ref: v1.1.12
  virtual_path: .apm/packages/aws
  is_virtual: true
  package_type: apm_package
  content_hash: sha256:e79bc9c3b1d62b34e939720f4f6a93d362dc79f1f2398de6a52107d723e82e03
- repo_url: y-miyazaki/config
  host: github.com
  resolved_commit: 88735dfc1dfc25103452611b7de7a1bed8a5cae1
  resolved_ref: v1.1.12
  virtual_path: .apm/packages/common
  is_virtual: true
  package_type: apm_package
  deployed_files:
  - .agents/skills/agent-skills-review
  - .agents/skills/docs-creation
  - .agents/skills/github-actions-review
  - .agents/skills/github-actions-validation
  - .agents/skills/github-pr-body
  - .agents/skills/instructions-review
  - .agents/skills/markdown-validation
  - .github/hooks/common-lean-ctx.json
  - .github/instructions/agent-skills.instructions.md
  - .github/instructions/github-actions-workflow.instructions.md
  - .github/instructions/instructions.instructions.md
  - .github/instructions/markdown.instructions.md
  deployed_file_hashes:
    .github/hooks/common-lean-ctx.json: sha256:30f187840c795acc257b22328f7bd3cd0ab78eb086a8c6e04f9792c18d4b2a7e
    .github/instructions/agent-skills.instructions.md: sha256:ae26dcae884208349329c54464d40cde863091a44dcecc6b9e15a170a961de3b
    .github/instructions/github-actions-workflow.instructions.md: sha256:84e0abdb8ddf3148ce3ebf52f8358b66ab0db0f869bfcbf1ee7cc3d4355cf5de
    .github/instructions/instructions.instructions.md: sha256:8f58cc4393e0a552b1d6760bad68d74d78e31add7c33db78acdaf6f34acd3d43
    .github/instructions/markdown.instructions.md: sha256:efb26dbd741e39c6220e2e6acb219ae70711f9a275d8da873d0eb01305a6926f
  content_hash: sha256:0628d19738ae36254591bada56f37a213206e2a6124da4ac6ad6f7c428bbac28
- repo_url: y-miyazaki/config
  host: github.com
  resolved_commit: 88735dfc1dfc25103452611b7de7a1bed8a5cae1
  resolved_ref: v1.1.12
  virtual_path: .apm/packages/go
  is_virtual: true
  package_type: apm_package
  deployed_files:
  - .agents/skills/go-review
  - .agents/skills/go-validation
  - .github/hooks/go-golangci-lint.json
  - .github/instructions/go.instructions.md
  deployed_file_hashes:
    .github/hooks/go-golangci-lint.json: sha256:9d5702562458324cd434d36dbc0ba674075fdb73b91816ba8b44858bf5a320a7
    .github/instructions/go.instructions.md: sha256:fdeed46a3f717dc9c84a30729f5734a517908e3aa2b24224c71f8a202527745d
  content_hash: sha256:8be2dd78f362cde68a852b02de81ebf36512f9c22bb38d155bdb50ea8823cf75
- repo_url: y-miyazaki/config
  host: github.com
  resolved_commit: 88735dfc1dfc25103452611b7de7a1bed8a5cae1
  resolved_ref: v1.1.12
  virtual_path: .apm/packages/shell-script
  is_virtual: true
  package_type: apm_package
  deployed_files:
  - .agents/skills/shell-script-review
  - .agents/skills/shell-script-validation
  - .github/hooks/shell-script-shellcheck.json
  - .github/instructions/shell-script.instructions.md
  deployed_file_hashes:
    .github/hooks/shell-script-shellcheck.json: sha256:a546295e48614d79559a3a8c82db96d719d8815d50933c5ca5bbca1f3fedfe6a
    .github/instructions/shell-script.instructions.md: sha256:98ef866c58d0e6757debcf887a85a39d283fe55eba2c58f35457b440f8d714c4
  content_hash: sha256:4081fbec3b1f9ce546c71a8d38720a885f1092f200c54747e81b28f76c653dbb
- repo_url: y-miyazaki/config
  host: github.com
  resolved_commit: 88735dfc1dfc25103452611b7de7a1bed8a5cae1
  resolved_ref: v1.1.12
  virtual_path: .apm/packages/terraform
  is_virtual: true
  package_type: apm_package
  deployed_files:
  - .agents/skills/terraform-review
  - .agents/skills/terraform-validation
  - .github/hooks/terraform-terraform-validate-tflint.json
  - .github/instructions/terraform.instructions.md
  deployed_file_hashes:
    .github/hooks/terraform-terraform-validate-tflint.json: sha256:8f6086e1e176a46d6b27262c59d977c4b36a53ec946c2a1bdd0b862bcf64bf18
    .github/instructions/terraform.instructions.md: sha256:6701674ed6113d6a22a8f47a97ed6498d81f8fff219933c09428d13bcaab5c61
  content_hash: sha256:b7f2c45d2c3d1027ce51e7ff0e15411037a6f8b35aae836bdc1d0a5f4c5ed322
- repo_url: y-miyazaki/config
  host: github.com
  resolved_commit: 88735dfc1dfc25103452611b7de7a1bed8a5cae1
  resolved_ref: v1.1.12
  virtual_path: .apm/packages/terraform-aws
  is_virtual: true
  package_type: apm_package
  content_hash: sha256:f2ab3e9287aa43d7d5ed6632cd5f84a2f30afb1439ad172ce246bad2707791e5
mcp_servers:
- aws-documentation-mcp-server
- aws-knowledge-mcp-server
- aws-mcp
- aws-pricing-mcp-server
- awslabs-aws-api-mcp-server
- awslabs-terraform-mcp-server
- codebase-memory-mcp
- context7
- fetch
- github
- hashicorp-terraform-mcp-server
- lean-ctx
- playwright
mcp_configs:
  aws-documentation-mcp-server:
    name: aws-documentation-mcp-server
    transport: stdio
    args:
    - awslabs.aws-documentation-mcp-server==1.1.24
    registry: false
    command: uvx
  aws-knowledge-mcp-server:
    name: aws-knowledge-mcp-server
    transport: stdio
    args:
    - mcp-compressor==0.19.8
    - --
    - uvx
    - mcp-proxy==0.12.0
    - --transport
    - streamablehttp
    - https://knowledge-mcp.global.api.aws
    registry: false
    command: uvx
  aws-mcp:
    name: aws-mcp
    transport: stdio
    args:
    - mcp-compressor==0.19.8
    - --
    - uvx
    - mcp-proxy-for-aws==1.4.2
    - https://aws-mcp.us-east-1.api.aws/mcp
    registry: false
    command: uvx
  aws-pricing-mcp-server:
    name: aws-pricing-mcp-server
    transport: stdio
    args:
    - awslabs.aws-pricing-mcp-server==1.0.30
    registry: false
    command: uvx
  awslabs-aws-api-mcp-server:
    name: awslabs-aws-api-mcp-server
    transport: stdio
    env:
      AWS_REGION: ${AWS_REGION}
    args:
    - awslabs.aws-api-mcp-server==1.3.36
    registry: false
    command: uvx
  awslabs-terraform-mcp-server:
    name: awslabs-terraform-mcp-server
    transport: stdio
    env:
      FASTMCP_LOG_LEVEL: ERROR
    args:
    - awslabs.terraform-mcp-server==1.0.18
    registry: false
    command: uvx
  codebase-memory-mcp:
    name: codebase-memory-mcp
    transport: stdio
    args: []
    registry: false
    command: codebase-memory-mcp
  context7:
    name: context7
    transport: stdio
    args:
    - -y
    - '@upstash/context7-mcp@2.2.5'
    registry: false
    command: npx
  fetch:
    name: fetch
    transport: stdio
    args:
    - mcp-server-fetch==2025.4.7
    registry: false
    command: uvx
  github:
    name: github
    transport: stdio
    args:
    - -lc
    - TOKEN="$GH_TOKEN"; if [ -z "$TOKEN" ]; then TOKEN="$GITHUB_TOKEN"; fi; uvx mcp-compressor==0.19.8
      -- uvx mcp-proxy==0.12.0 --transport streamablehttp -H Authorization "Bearer
      $TOKEN" https://api.githubcopilot.com/mcp/
    registry: false
    command: bash
  hashicorp-terraform-mcp-server:
    name: hashicorp-terraform-mcp-server
    transport: stdio
    args:
    - -y
    - terraform-mcp-server@0.13.0
    registry: false
    command: npx
  lean-ctx:
    name: lean-ctx
    transport: stdio
    args:
    - mcp
    registry: false
    command: lean-ctx
  playwright:
    name: playwright
    transport: stdio
    args:
    - -y
    - '@playwright/mcp@0.0.75'
    registry: false
    command: npx
