lockfile_version: '1'
generated_at: '2026-06-10T11:30:16.325276+00:00'
apm_version: 0.14.0
dependencies:
- repo_url: y-miyazaki/config
  host: github.com
  resolved_commit: b503440f52c7c321fc4f640e1ce52e1c53d6c183
  resolved_ref: v1.1.34
  virtual_path: .apm/packages/aws
  is_virtual: true
  package_type: apm_package
  content_hash: sha256:e79bc9c3b1d62b34e939720f4f6a93d362dc79f1f2398de6a52107d723e82e03
- repo_url: y-miyazaki/config
  host: github.com
  resolved_commit: b503440f52c7c321fc4f640e1ce52e1c53d6c183
  resolved_ref: v1.1.34
  virtual_path: .apm/packages/common
  is_virtual: true
  package_type: apm_package
  deployed_files:
  - .agents/skills/agent-skills-review
  - .agents/skills/docs-creation
  - .agents/skills/github-actions-review
  - .agents/skills/github-actions-validation
  - .agents/skills/github-pr-body
  - .agents/skills/instructions-review
  - .agents/skills/markdown-validation
  - .github/hooks/common-github-actions-actionlint.json
  - .github/hooks/common-github-actions-ghalint.json
  - .github/hooks/common-github-actions-zizmor.json
  - .github/hooks/common-lean-ctx.json
  - .github/hooks/common-markdown-link-check.json
  - .github/hooks/common-markdownlint-cli2.json
  - .github/hooks/scripts/common/scripts/actionlint.sh
  - .github/hooks/scripts/common/scripts/ghalint.sh
  - .github/hooks/scripts/common/scripts/markdown_link_check.sh
  - .github/hooks/scripts/common/scripts/markdownlint_cli2.sh
  - .github/hooks/scripts/common/scripts/zizmor.sh
  - .github/instructions/agent-skills.instructions.md
  - .github/instructions/github-actions-workflow.instructions.md
  - .github/instructions/instructions.instructions.md
  - .github/instructions/markdown.instructions.md
  deployed_file_hashes:
    .github/hooks/common-github-actions-actionlint.json: sha256:2068e936e6b60276ac05a30d8f812042d88967a983eb957bfe84dfe4016d057a
    .github/hooks/common-github-actions-ghalint.json: sha256:dfd51d918de7e0fc3dcef00df925e364cf90eeb2c7e7ee12e3d9ebe2d9464fd7
    .github/hooks/common-github-actions-zizmor.json: sha256:f1b72425236bf9c4391112cad4f73e93625a53953cc3295fca3c6b0478d05e76
    .github/hooks/common-lean-ctx.json: sha256:e7850720c6989c31fedddf4b85595874a01cf7260f3d00264218ec1a94ddb244
    .github/hooks/common-markdown-link-check.json: sha256:fb39bb97ce7f86df058b87ab55fa10044be8f722732c1759252a706095d23dc1
    .github/hooks/common-markdownlint-cli2.json: sha256:c327458a9ebe053644a7f8e05dc50633200cffea13690b0773eff723348202bf
    .github/hooks/scripts/common/scripts/actionlint.sh: sha256:71832905e459cef0a8aee0e0416d655ff69d9fb1a78624a822a04b9a950f7c5a
    .github/hooks/scripts/common/scripts/ghalint.sh: sha256:8487d51ca5c1e497b5d84e4eea2abe10fbaea62db2e705c40e46d72f2b2a9932
    .github/hooks/scripts/common/scripts/markdown_link_check.sh: sha256:e2777627f8c36732928101919cd3be7dda34ba08877e3a4fc81d086b402e7a38
    .github/hooks/scripts/common/scripts/markdownlint_cli2.sh: sha256:8d7288d49b50f53deefecf6273e74dca9db131a8d7055d89d21c2e5305b1121d
    .github/hooks/scripts/common/scripts/zizmor.sh: sha256:f0f541d98759f7d287745a52fcf6cfd29335cfe3b4c1a299ee3b7f88bca8994b
    .github/instructions/agent-skills.instructions.md: sha256:ea9c6af427e4f927940924e32e307da7cb8bf265afa4b2f939eaa233dc451182
    .github/instructions/github-actions-workflow.instructions.md: sha256:42ca9bd31449a6536a955dfb476f077fc0595f09298005d41c6a670330279002
    .github/instructions/instructions.instructions.md: sha256:343784c153e77cae5eb1d031de4f11d07655c6bd91ae39da1773d4e97becfe60
    .github/instructions/markdown.instructions.md: sha256:fa7f8346e8c81c05854cb22ee86f3ac9e97a46127148db942c74f922f576a773
  content_hash: sha256:b1ff472e7b346df43d4764570c57152b11feddc49b03bd7c9b99a584ceb77c5a
- repo_url: y-miyazaki/config
  host: github.com
  resolved_commit: b503440f52c7c321fc4f640e1ce52e1c53d6c183
  resolved_ref: v1.1.34
  virtual_path: .apm/packages/go
  is_virtual: true
  package_type: apm_package
  deployed_files:
  - .agents/skills/go-review
  - .agents/skills/go-validation
  - .github/hooks/go-golangci-lint.json
  - .github/hooks/scripts/go/scripts/golangci_lint.sh
  - .github/instructions/go.instructions.md
  deployed_file_hashes:
    .github/hooks/go-golangci-lint.json: sha256:ca22a5418f86ac6515b439f675c0b98c3d663cddc5579257995471a2a6078d21
    .github/hooks/scripts/go/scripts/golangci_lint.sh: sha256:884226ecdabfc7ecc987fe4e6171240f4dbf4227d61a06b98f1868728ba2480c
    .github/instructions/go.instructions.md: sha256:e51bd95a7fb1cef5c32ab54a48cd354452d5c7da0acc7a622ea332ce01c137a2
  content_hash: sha256:8f7a6f57d12757991fb3b35a6e6db8a53985cc8a1f3eb1dd84d8cea6b4fdf7ae
- repo_url: y-miyazaki/config
  host: github.com
  resolved_commit: b503440f52c7c321fc4f640e1ce52e1c53d6c183
  resolved_ref: v1.1.34
  virtual_path: .apm/packages/shell-script
  is_virtual: true
  package_type: apm_package
  deployed_files:
  - .agents/skills/shell-script-review
  - .agents/skills/shell-script-validation
  - .github/hooks/scripts/shell-script/scripts/shellcheck.sh
  - .github/hooks/scripts/shell-script/scripts/shfmt.sh
  - .github/hooks/shell-script-shellcheck.json
  - .github/hooks/shell-script-shfmt.json
  - .github/instructions/shell-script.instructions.md
  deployed_file_hashes:
    .github/hooks/scripts/shell-script/scripts/shellcheck.sh: sha256:f6010e973e22ef3493c2bfb572b16a2dd50fab3326ef04580e5aef3ab07ddbcf
    .github/hooks/scripts/shell-script/scripts/shfmt.sh: sha256:99a30020d4d29c4cedecf76d05d8becf85284758a7b4834695de02775856e819
    .github/hooks/shell-script-shellcheck.json: sha256:f41996681f91a2ee708a16be8661aebc614d4d955cef97c3cb49325cce723a81
    .github/hooks/shell-script-shfmt.json: sha256:f6e957ad363f8b3b8507e131e8a8ffe1399fde864bcf95bf00d060afc4c8ac2e
    .github/instructions/shell-script.instructions.md: sha256:55cd85eb429d2ca7af192054bd468151fbf84382a4fe1cf9f5b55fcaf6892d4a
  content_hash: sha256:3230116d290cce7480ab7aee4817660fa158a2c3027e5e6520e3700e0521c00e
- repo_url: y-miyazaki/config
  host: github.com
  resolved_commit: b503440f52c7c321fc4f640e1ce52e1c53d6c183
  resolved_ref: v1.1.34
  virtual_path: .apm/packages/terraform
  is_virtual: true
  package_type: apm_package
  deployed_files:
  - .agents/skills/terraform-review
  - .agents/skills/terraform-validation
  - .github/hooks/scripts/terraform/scripts/terraform_fmt.sh
  - .github/hooks/scripts/terraform/scripts/tflint.sh
  - .github/hooks/terraform-terraform-fmt.json
  - .github/hooks/terraform-tflint.json
  - .github/instructions/terraform.instructions.md
  deployed_file_hashes:
    .github/hooks/scripts/terraform/scripts/terraform_fmt.sh: sha256:5c1c22b2acfcc7e8e0c237cff1197bbb725aa66d0c16bccdf1c221db5123da2c
    .github/hooks/scripts/terraform/scripts/tflint.sh: sha256:5cdba66baf2420ef72b745a7e33e7dc10d7bb3080a3d78ad498cce8f0699175d
    .github/hooks/terraform-terraform-fmt.json: sha256:6823a9225cde5b7a83fcaa3fad40f643aa279127b67696981b190aecf3103e0f
    .github/hooks/terraform-tflint.json: sha256:7ba0d8fffe3d509323a393f35407c83c6e3e1b480ccf3c62a9b8148f25d856d4
    .github/instructions/terraform.instructions.md: sha256:997a103c30ce17920fc400373cc25dd1c1908cb4ef727d6493966087163448e4
  content_hash: sha256:aa4fba3c27f453ae10879193557a4a292125d015c5aefdb15a70b44c75c15a14
- repo_url: y-miyazaki/config
  host: github.com
  resolved_commit: b503440f52c7c321fc4f640e1ce52e1c53d6c183
  resolved_ref: v1.1.34
  virtual_path: .apm/packages/terraform-aws
  is_virtual: true
  package_type: apm_package
  content_hash: sha256:f2ab3e9287aa43d7d5ed6632cd5f84a2f30afb1439ad172ce246bad2707791e5
mcp_servers:
- aws-documentation-mcp-server
- aws-knowledge-mcp-server
- aws-mcp
- aws-pricing-mcp-server
- awslabs-aws-api-mcp-server
- awslabs-terraform-mcp-server
- codebase-memory-mcp
- context7
- fetch
- github
- hashicorp-terraform-mcp-server
- lean-ctx
- playwright
mcp_configs:
  aws-documentation-mcp-server:
    name: aws-documentation-mcp-server
    transport: stdio
    args:
    - awslabs.aws-documentation-mcp-server==1.1.24
    registry: false
    command: uvx
  aws-knowledge-mcp-server:
    name: aws-knowledge-mcp-server
    transport: stdio
    args:
    - mcp-compressor==0.19.8
    - --
    - uvx
    - mcp-proxy==0.12.0
    - --transport
    - streamablehttp
    - https://knowledge-mcp.global.api.aws
    registry: false
    command: uvx
  aws-mcp:
    name: aws-mcp
    transport: stdio
    args:
    - mcp-compressor==0.19.8
    - --
    - uvx
    - mcp-proxy-for-aws==1.4.2
    - https://aws-mcp.us-east-1.api.aws/mcp
    registry: false
    command: uvx
  aws-pricing-mcp-server:
    name: aws-pricing-mcp-server
    transport: stdio
    args:
    - awslabs.aws-pricing-mcp-server==1.0.30
    registry: false
    command: uvx
  awslabs-aws-api-mcp-server:
    name: awslabs-aws-api-mcp-server
    transport: stdio
    env:
      AWS_REGION: ${AWS_REGION}
    args:
    - awslabs.aws-api-mcp-server==1.3.36
    registry: false
    command: uvx
  awslabs-terraform-mcp-server:
    name: awslabs-terraform-mcp-server
    transport: stdio
    env:
      FASTMCP_LOG_LEVEL: ERROR
    args:
    - awslabs.terraform-mcp-server==1.0.18
    registry: false
    command: uvx
  codebase-memory-mcp:
    name: codebase-memory-mcp
    transport: stdio
    args: []
    registry: false
    command: codebase-memory-mcp
  context7:
    name: context7
    transport: stdio
    args:
    - -y
    - '@upstash/context7-mcp@2.2.5'
    registry: false
    command: npx
  fetch:
    name: fetch
    transport: stdio
    args:
    - mcp-server-fetch==2025.4.7
    registry: false
    command: uvx
  github:
    name: github
    transport: stdio
    args:
    - -lc
    - TOKEN="$GH_TOKEN"; if [ -z "$TOKEN" ]; then TOKEN="$GITHUB_TOKEN"; fi; uvx mcp-compressor==0.19.8
      -- uvx mcp-proxy==0.12.0 --transport streamablehttp -H Authorization "Bearer
      $TOKEN" https://api.githubcopilot.com/mcp/
    registry: false
    command: bash
  hashicorp-terraform-mcp-server:
    name: hashicorp-terraform-mcp-server
    transport: stdio
    args:
    - -y
    - terraform-mcp-server@0.13.0
    registry: false
    command: npx
  lean-ctx:
    name: lean-ctx
    transport: stdio
    args:
    - mcp
    registry: false
    command: lean-ctx
  playwright:
    name: playwright
    transport: stdio
    args:
    - -y
    - '@playwright/mcp@0.0.75'
    registry: false
    command: npx
