{
  "name": "kinesis-data-firehose-cloudwatch-logs-processor",
  "version": "1.0.0",
  "lockfileVersion": 3,
  "requires": true,
  "packages": {
    "": {
      "name": "kinesis-data-firehose-cloudwatch-logs-processor",
      "version": "1.0.0",
      "dependencies": {
        "@aws-sdk/client-firehose": "3.1080.0",
        "@aws-sdk/client-kinesis": "3.1080.0"
      }
    },
    "node_modules/@aws-sdk/client-firehose": {
      "version": "3.1080.0",
      "resolved": "https://registry.npmjs.org/@aws-sdk/client-firehose/-/client-firehose-3.1080.0.tgz",
      "integrity": "sha512-mxh9xSrHGUs8tzqMzv9RAhbSJgAJdtSC1o61zPwNYNJTvz4NzSdZ4VpA2QNpEptS+mDLWblGmQh2yt619qRY1g==",
      "license": "Apache-2.0",
      "dependencies": {
        "@aws-sdk/core": "^3.974.28",
        "@aws-sdk/credential-provider-node": "^3.972.63",
        "@aws-sdk/types": "^3.973.15",
        "@smithy/core": "^3.29.0",
        "@smithy/fetch-http-handler": "^5.6.2",
        "@smithy/node-http-handler": "^4.9.2",
        "@smithy/types": "^4.15.1",
        "tslib": "^2.6.2"
      },
      "engines": {
        "node": ">=20.0.0"
      }
    },
    "node_modules/@aws-sdk/client-kinesis": {
      "version": "3.1080.0",
      "resolved": "https://registry.npmjs.org/@aws-sdk/client-kinesis/-/client-kinesis-3.1080.0.tgz",
      "integrity": "sha512-jHQ6egJUweSKcJFWUK4HYkLZPImDqyGv+LXfAQcBcRlArN7n7IzP7sSQVCyUCGscQvZ6Pl1FYPAkyN6xCHxfbg==",
      "license": "Apache-2.0",
      "dependencies": {
        "@aws-sdk/core": "^3.974.28",
        "@aws-sdk/credential-provider-node": "^3.972.63",
        "@aws-sdk/types": "^3.973.15",
        "@smithy/core": "^3.29.0",
        "@smithy/fetch-http-handler": "^5.6.2",
        "@smithy/node-http-handler": "^4.9.2",
        "@smithy/types": "^4.15.1",
        "tslib": "^2.6.2"
      },
      "engines": {
        "node": ">=20.0.0"
      }
    },
    "node_modules/@aws-sdk/core": {
      "version": "3.974.28",
      "resolved": "https://registry.npmjs.org/@aws-sdk/core/-/core-3.974.28.tgz",
      "integrity": "sha512-4/1DtLwgLqzIg2uFzkFaFjMQHhhhwHIZN4PfziIVqXYX7koO78omuchQlLHyzQBw80l255dtmTA/J4W5yhb7zw==",
      "license": "Apache-2.0",
      "dependencies": {
        "@aws-sdk/types": "^3.973.15",
        "@aws-sdk/xml-builder": "^3.972.33",
        "@aws/lambda-invoke-store": "^0.3.0",
        "@smithy/core": "^3.29.0",
        "@smithy/signature-v4": "^5.6.1",
        "@smithy/types": "^4.15.1",
        "bowser": "^2.11.0",
        "tslib": "^2.6.2"
      },
      "engines": {
        "node": ">=20.0.0"
      }
    },
    "node_modules/@aws-sdk/credential-provider-env": {
      "version": "3.972.54",
      "resolved": "https://registry.npmjs.org/@aws-sdk/credential-provider-env/-/credential-provider-env-3.972.54.tgz",
      "integrity": "sha512-F4WQCG8GULIt+XrMHsqUM9dZc0eTwZM3HUWByOjIKOwBqJSzUxX8CFAtbgMvWfCua52FS1oi5FXarH3+khFq8A==",
      "license": "Apache-2.0",
      "dependencies": {
        "@aws-sdk/core": "^3.974.28",
        "@aws-sdk/types": "^3.973.15",
        "@smithy/core": "^3.29.0",
        "@smithy/types": "^4.15.1",
        "tslib": "^2.6.2"
      },
      "engines": {
        "node": ">=20.0.0"
      }
    },
    "node_modules/@aws-sdk/credential-provider-http": {
      "version": "3.972.56",
      "resolved": "https://registry.npmjs.org/@aws-sdk/credential-provider-http/-/credential-provider-http-3.972.56.tgz",
      "integrity": "sha512-PiwHgEK2srdfi/lFveyQ+3w/qikyh6MKvuZAdlMC+dwQi4K5iVBr32oh7cugnYw+jA8iGtnQMhCGvLm/mqplmw==",
      "license": "Apache-2.0",
      "dependencies": {
        "@aws-sdk/core": "^3.974.28",
        "@aws-sdk/types": "^3.973.15",
        "@smithy/core": "^3.29.0",
        "@smithy/fetch-http-handler": "^5.6.2",
        "@smithy/node-http-handler": "^4.9.2",
        "@smithy/types": "^4.15.1",
        "tslib": "^2.6.2"
      },
      "engines": {
        "node": ">=20.0.0"
      }
    },
    "node_modules/@aws-sdk/credential-provider-ini": {
      "version": "3.972.61",
      "resolved": "https://registry.npmjs.org/@aws-sdk/credential-provider-ini/-/credential-provider-ini-3.972.61.tgz",
      "integrity": "sha512-9CZWMjhBlgfKlqJk40R7kvMOLEIoOr3HJ1J/ELjAH9H5LzR4bCxLujPVM/1PKAEjzSZKZCxWOalm7JUGZbhQqw==",
      "license": "Apache-2.0",
      "dependencies": {
        "@aws-sdk/core": "^3.974.28",
        "@aws-sdk/credential-provider-env": "^3.972.54",
        "@aws-sdk/credential-provider-http": "^3.972.56",
        "@aws-sdk/credential-provider-login": "^3.972.60",
        "@aws-sdk/credential-provider-process": "^3.972.54",
        "@aws-sdk/credential-provider-sso": "^3.972.60",
        "@aws-sdk/credential-provider-web-identity": "^3.972.60",
        "@aws-sdk/nested-clients": "^3.997.28",
        "@aws-sdk/types": "^3.973.15",
        "@smithy/core": "^3.29.0",
        "@smithy/credential-provider-imds": "^4.4.5",
        "@smithy/types": "^4.15.1",
        "tslib": "^2.6.2"
      },
      "engines": {
        "node": ">=20.0.0"
      }
    },
    "node_modules/@aws-sdk/credential-provider-login": {
      "version": "3.972.60",
      "resolved": "https://registry.npmjs.org/@aws-sdk/credential-provider-login/-/credential-provider-login-3.972.60.tgz",
      "integrity": "sha512-Ak6OOrCbXvACyxLFIP1mcS+JTLS9ZpW1ZqyBtqu6axvdpsbG1gVNhUlAfQq8TK/gar/h2w35LrzlQU0PcUzJpw==",
      "license": "Apache-2.0",
      "dependencies": {
        "@aws-sdk/core": "^3.974.28",
        "@aws-sdk/nested-clients": "^3.997.28",
        "@aws-sdk/types": "^3.973.15",
        "@smithy/core": "^3.29.0",
        "@smithy/types": "^4.15.1",
        "tslib": "^2.6.2"
      },
      "engines": {
        "node": ">=20.0.0"
      }
    },
    "node_modules/@aws-sdk/credential-provider-node": {
      "version": "3.972.63",
      "resolved": "https://registry.npmjs.org/@aws-sdk/credential-provider-node/-/credential-provider-node-3.972.63.tgz",
      "integrity": "sha512-YmgWtTPZDStyT74ApSHpApD3r7W9znsc+WEZjW0vceom+NAxRx9/F3TyukOKix8kJkPaa49aIREQJdpGeLDiEw==",
      "license": "Apache-2.0",
      "dependencies": {
        "@aws-sdk/credential-provider-env": "^3.972.54",
        "@aws-sdk/credential-provider-http": "^3.972.56",
        "@aws-sdk/credential-provider-ini": "^3.972.61",
        "@aws-sdk/credential-provider-process": "^3.972.54",
        "@aws-sdk/credential-provider-sso": "^3.972.60",
        "@aws-sdk/credential-provider-web-identity": "^3.972.60",
        "@aws-sdk/types": "^3.973.15",
        "@smithy/core": "^3.29.0",
        "@smithy/credential-provider-imds": "^4.4.5",
        "@smithy/types": "^4.15.1",
        "tslib": "^2.6.2"
      },
      "engines": {
        "node": ">=20.0.0"
      }
    },
    "node_modules/@aws-sdk/credential-provider-process": {
      "version": "3.972.54",
      "resolved": "https://registry.npmjs.org/@aws-sdk/credential-provider-process/-/credential-provider-process-3.972.54.tgz",
      "integrity": "sha512-UNmUjtTnp3wH3YTZcctN7yK17S2AdaJpiNIdIf0l70hHOdGuDfdMxk62P5rt64GwGm6qkFOYG0js/cU6cdZDdg==",
      "license": "Apache-2.0",
      "dependencies": {
        "@aws-sdk/core": "^3.974.28",
        "@aws-sdk/types": "^3.973.15",
        "@smithy/core": "^3.29.0",
        "@smithy/types": "^4.15.1",
        "tslib": "^2.6.2"
      },
      "engines": {
        "node": ">=20.0.0"
      }
    },
    "node_modules/@aws-sdk/credential-provider-sso": {
      "version": "3.972.60",
      "resolved": "https://registry.npmjs.org/@aws-sdk/credential-provider-sso/-/credential-provider-sso-3.972.60.tgz",
      "integrity": "sha512-zH8SvJkTRw1Kb7GARjGPjzkQPfL3jDi/OxK32I5SQq7bgwgFHJZaoDEwkEvFlfNfpByM6n4Rs20Y1mLyOdb6ag==",
      "license": "Apache-2.0",
      "dependencies": {
        "@aws-sdk/core": "^3.974.28",
        "@aws-sdk/nested-clients": "^3.997.28",
        "@aws-sdk/token-providers": "3.1080.0",
        "@aws-sdk/types": "^3.973.15",
        "@smithy/core": "^3.29.0",
        "@smithy/types": "^4.15.1",
        "tslib": "^2.6.2"
      },
      "engines": {
        "node": ">=20.0.0"
      }
    },
    "node_modules/@aws-sdk/credential-provider-web-identity": {
      "version": "3.972.60",
      "resolved": "https://registry.npmjs.org/@aws-sdk/credential-provider-web-identity/-/credential-provider-web-identity-3.972.60.tgz",
      "integrity": "sha512-q2rJSQ/AMjemUS18OtQqczqSo2R6VjOCLmLVmLVcdrP5/AKoj632lGCrMUWQ6EgnaLMEHbq0UO4mWh/u6gjPhA==",
      "license": "Apache-2.0",
      "dependencies": {
        "@aws-sdk/core": "^3.974.28",
        "@aws-sdk/nested-clients": "^3.997.28",
        "@aws-sdk/types": "^3.973.15",
        "@smithy/core": "^3.29.0",
        "@smithy/types": "^4.15.1",
        "tslib": "^2.6.2"
      },
      "engines": {
        "node": ">=20.0.0"
      }
    },
    "node_modules/@aws-sdk/nested-clients": {
      "version": "3.997.28",
      "resolved": "https://registry.npmjs.org/@aws-sdk/nested-clients/-/nested-clients-3.997.28.tgz",
      "integrity": "sha512-1oG/mM3jmE2M3kad2zWJS6IKIY8hjRV4l5kAgg+xTQdLMTtehhcSucL/y4WqQpcHmQwi6+gRK8E46GYl1NBW9Q==",
      "license": "Apache-2.0",
      "dependencies": {
        "@aws-sdk/core": "^3.974.28",
        "@aws-sdk/signature-v4-multi-region": "^3.996.38",
        "@aws-sdk/types": "^3.973.15",
        "@smithy/core": "^3.29.0",
        "@smithy/fetch-http-handler": "^5.6.2",
        "@smithy/node-http-handler": "^4.9.2",
        "@smithy/types": "^4.15.1",
        "tslib": "^2.6.2"
      },
      "engines": {
        "node": ">=20.0.0"
      }
    },
    "node_modules/@aws-sdk/signature-v4-multi-region": {
      "version": "3.996.38",
      "resolved": "https://registry.npmjs.org/@aws-sdk/signature-v4-multi-region/-/signature-v4-multi-region-3.996.38.tgz",
      "integrity": "sha512-C379Sk+MiFZCfWZphKlMyLHKxV22OjoGM5KJjj5IJNJcOCWL4IGIpnEGzv1FQiRwhYXfq55SJMfxlqPE08JJ9g==",
      "license": "Apache-2.0",
      "dependencies": {
        "@aws-sdk/types": "^3.973.15",
        "@smithy/signature-v4": "^5.6.1",
        "@smithy/types": "^4.15.1",
        "tslib": "^2.6.2"
      },
      "engines": {
        "node": ">=20.0.0"
      }
    },
    "node_modules/@aws-sdk/token-providers": {
      "version": "3.1080.0",
      "resolved": "https://registry.npmjs.org/@aws-sdk/token-providers/-/token-providers-3.1080.0.tgz",
      "integrity": "sha512-8PufAQvncWXvdZUvODbuyXa8l3aszefEzwSMBUcgheNbZOmJMcNn388Ebt/piVrUHyxKN1MlxnR2OonzTyZaGw==",
      "license": "Apache-2.0",
      "dependencies": {
        "@aws-sdk/core": "^3.974.28",
        "@aws-sdk/nested-clients": "^3.997.28",
        "@aws-sdk/types": "^3.973.15",
        "@smithy/core": "^3.29.0",
        "@smithy/types": "^4.15.1",
        "tslib": "^2.6.2"
      },
      "engines": {
        "node": ">=20.0.0"
      }
    },
    "node_modules/@aws-sdk/types": {
      "version": "3.973.15",
      "resolved": "https://registry.npmjs.org/@aws-sdk/types/-/types-3.973.15.tgz",
      "integrity": "sha512-IULn8uBV/SMtmOIANsm4WHXIOtVPBWfOWs3WGL0j/sI+KhaYehvOw0ET+9urnn8MBpiijuU/0JOpuwKOE451PQ==",
      "license": "Apache-2.0",
      "dependencies": {
        "@smithy/types": "^4.15.1",
        "tslib": "^2.6.2"
      },
      "engines": {
        "node": ">=20.0.0"
      }
    },
    "node_modules/@aws-sdk/xml-builder": {
      "version": "3.972.33",
      "resolved": "https://registry.npmjs.org/@aws-sdk/xml-builder/-/xml-builder-3.972.33.tgz",
      "integrity": "sha512-ezbwz9WpuLctm6o7P2t2naDhVVPI5jFGrVefVybhcKGjU57VIyT46pQVO0RI2RYkUdhdj2Z9uSIlAzGZE9NW9A==",
      "license": "Apache-2.0",
      "dependencies": {
        "@smithy/types": "^4.15.1",
        "tslib": "^2.6.2"
      },
      "engines": {
        "node": ">=20.0.0"
      }
    },
    "node_modules/@aws/lambda-invoke-store": {
      "version": "0.3.0",
      "resolved": "https://registry.npmjs.org/@aws/lambda-invoke-store/-/lambda-invoke-store-0.3.0.tgz",
      "integrity": "sha512-sl4Bm6yiMNYrZKkqqDFWN0UfnWhlS8ivKxrYl+6t0gCLrqr8y3B2IqZZbFRkfaVVp7C/baApyh71P+LeE1A2sQ==",
      "license": "Apache-2.0",
      "engines": {
        "node": ">=18.0.0"
      }
    },
    "node_modules/@smithy/core": {
      "version": "3.29.1",
      "resolved": "https://registry.npmjs.org/@smithy/core/-/core-3.29.1.tgz",
      "integrity": "sha512-qoiY4nrk5OCu1+eIR1VB8l5DmON/oKiqrd5zZFAhXJXjJlLWQusKEW/SkBDAtGDcPaz86m9kfcE1lngU0GlM6A==",
      "license": "Apache-2.0",
      "dependencies": {
        "@smithy/types": "^4.15.1",
        "tslib": "^2.6.2"
      },
      "engines": {
        "node": ">=18.0.0"
      }
    },
    "node_modules/@smithy/credential-provider-imds": {
      "version": "4.4.6",
      "resolved": "https://registry.npmjs.org/@smithy/credential-provider-imds/-/credential-provider-imds-4.4.6.tgz",
      "integrity": "sha512-B2WQ/PV/H6Jeg3lrIq6bKUfa6Hy01mtK7CGs6lhjzHA6k4aagldH6T6eEjnzKl4HI0cJnAsxfJ19pgb5PV+CVQ==",
      "license": "Apache-2.0",
      "dependencies": {
        "@smithy/core": "^3.29.1",
        "@smithy/types": "^4.15.1",
        "tslib": "^2.6.2"
      },
      "engines": {
        "node": ">=18.0.0"
      }
    },
    "node_modules/@smithy/fetch-http-handler": {
      "version": "5.6.3",
      "resolved": "https://registry.npmjs.org/@smithy/fetch-http-handler/-/fetch-http-handler-5.6.3.tgz",
      "integrity": "sha512-CwCc/7SMTj45y97MUnDTbTaxvtAsiNNRm81z3abROIuMbMsC2Iy5EKfkkVdsKrz8WExQAAMx1EJapq+9j4fFTQ==",
      "license": "Apache-2.0",
      "dependencies": {
        "@smithy/core": "^3.29.1",
        "@smithy/types": "^4.15.1",
        "tslib": "^2.6.2"
      },
      "engines": {
        "node": ">=18.0.0"
      }
    },
    "node_modules/@smithy/node-http-handler": {
      "version": "4.9.3",
      "resolved": "https://registry.npmjs.org/@smithy/node-http-handler/-/node-http-handler-4.9.3.tgz",
      "integrity": "sha512-qZTa4gQFUo8RM02rk6q5UVTDLNrQ1oS20LsepBzqq1QBVc/EHJ03OOUADcqMZiXHArW+Y7+OGY0BpdTwZRq/Yg==",
      "license": "Apache-2.0",
      "dependencies": {
        "@smithy/core": "^3.29.1",
        "@smithy/types": "^4.15.1",
        "tslib": "^2.6.2"
      },
      "engines": {
        "node": ">=18.0.0"
      }
    },
    "node_modules/@smithy/signature-v4": {
      "version": "5.6.2",
      "resolved": "https://registry.npmjs.org/@smithy/signature-v4/-/signature-v4-5.6.2.tgz",
      "integrity": "sha512-QgHflghMoPxCJ9axiCVh8KZfbC9fuP6vkXXyK//E3cq7nLaSSyyLj0GAoqVWezYeDQmXIZhmlRvLE16jsqDK6g==",
      "license": "Apache-2.0",
      "dependencies": {
        "@smithy/core": "^3.29.1",
        "@smithy/types": "^4.15.1",
        "tslib": "^2.6.2"
      },
      "engines": {
        "node": ">=18.0.0"
      }
    },
    "node_modules/@smithy/types": {
      "version": "4.15.1",
      "resolved": "https://registry.npmjs.org/@smithy/types/-/types-4.15.1.tgz",
      "integrity": "sha512-x3L0XSACF6UYzKpa9biqiRMgvH5+wnFFew9Tm/grFYqgaupPwx/+ojDPpPJM8dZON3S9tjz5U+PQYsCBd1Mw5Q==",
      "license": "Apache-2.0",
      "dependencies": {
        "tslib": "^2.6.2"
      },
      "engines": {
        "node": ">=18.0.0"
      }
    },
    "node_modules/bowser": {
      "version": "2.14.1",
      "resolved": "https://registry.npmjs.org/bowser/-/bowser-2.14.1.tgz",
      "integrity": "sha512-tzPjzCxygAKWFOJP011oxFHs57HzIhOEracIgAePE4pqB3LikALKnSzUyU4MGs9/iCEUuHlAJTjTc5M+u7YEGg==",
      "license": "MIT"
    },
    "node_modules/tslib": {
      "version": "2.8.1",
      "resolved": "https://registry.npmjs.org/tslib/-/tslib-2.8.1.tgz",
      "integrity": "sha512-oJFu94HQb+KVduSUQL7wnpmqnfmLsOA/nAh6b6EH0wCEoK0/mPeXU6c3wKDV83MkOuHPRHtSXKKU99IBazS/2w==",
      "license": "0BSD"
    }
  }
}
